// !$*UTF8*$!
{
	archiveVersion = 1;
	classes = {
	};
	objectVersion = 46;
	objects = {

/* Begin PBXBuildFile section */
		3E6643C01D7454A500E06D68 /* 1328(고층빌딩).cpp in Sources */ = {isa = PBXBuildFile; fileRef = 3E6643BF1D7454A500E06D68 /* 1328(고층빌딩).cpp */; };
		3EC9C3251D2C6A3C00E6388D /* 5.cpp in Sources */ = {isa = PBXBuildFile; fileRef = 3EC9C3241D2C6A3C00E6388D /* 5.cpp */; };
/* End PBXBuildFile section */

/* Begin PBXCopyFilesBuildPhase section */
		DFED45071C2D5A1300E3EA78 /* CopyFiles */ = {
			isa = PBXCopyFilesBuildPhase;
			buildActionMask = 2147483647;
			dstPath = /usr/share/man/man1/;
			dstSubfolderSpec = 0;
			files = (
			);
			runOnlyForDeploymentPostprocessing = 1;
		};
		DFED45161C2D5A6300E3EA78 /* CopyFiles */ = {
			isa = PBXCopyFilesBuildPhase;
			buildActionMask = 2147483647;
			dstPath = /usr/share/man/man1/;
			dstSubfolderSpec = 0;
			files = (
			);
			runOnlyForDeploymentPostprocessing = 1;
		};
		DFED455D1C2D69AB00E3EA78 /* CopyFiles */ = {
			isa = PBXCopyFilesBuildPhase;
			buildActionMask = 2147483647;
			dstPath = /usr/share/man/man1/;
			dstSubfolderSpec = 0;
			files = (
			);
			runOnlyForDeploymentPostprocessing = 1;
		};
		DFED459F1C2D6F9400E3EA78 /* CopyFiles */ = {
			isa = PBXCopyFilesBuildPhase;
			buildActionMask = 2147483647;
			dstPath = /usr/share/man/man1/;
			dstSubfolderSpec = 0;
			files = (
			);
			runOnlyForDeploymentPostprocessing = 1;
		};
		DFED46851C2D721300E3EA78 /* CopyFiles */ = {
			isa = PBXCopyFilesBuildPhase;
			buildActionMask = 2147483647;
			dstPath = /usr/share/man/man1/;
			dstSubfolderSpec = 0;
			files = (
			);
			runOnlyForDeploymentPostprocessing = 1;
		};
/* End PBXCopyFilesBuildPhase section */

/* Begin PBXFileReference section */
		3E02CB651CAB9DB2006CAB20 /* 2092(집합의 개수).cpp */ = {isa = PBXFileReference; fileEncoding = 4; lastKnownFileType = sourcecode.cpp.cpp; path = "2092(집합의 개수).cpp"; sourceTree = "<group>"; };
		3E12A8011CA7AA61004F9547 /* 2212(센서).cpp */ = {isa = PBXFileReference; fileEncoding = 4; lastKnownFileType = sourcecode.cpp.cpp; path = "2212(센서).cpp"; sourceTree = "<group>"; };
		3E6546E01CD7C23A00238D93 /* 10158(개미).cpp */ = {isa = PBXFileReference; fileEncoding = 4; lastKnownFileType = sourcecode.cpp.cpp; path = "10158(개미).cpp"; sourceTree = "<group>"; };
		3E6643BB1D740AAE00E06D68 /* 1939(중량제한).cpp */ = {isa = PBXFileReference; fileEncoding = 4; lastKnownFileType = sourcecode.cpp.cpp; path = "1939(중량제한).cpp"; sourceTree = "<group>"; };
		3E6643BF1D7454A500E06D68 /* 1328(고층빌딩).cpp */ = {isa = PBXFileReference; fileEncoding = 4; lastKnownFileType = sourcecode.cpp.cpp; path = "1328(고층빌딩).cpp"; sourceTree = "<group>"; };
		3E6878D81CA933D200148EBD /* cube.cpp */ = {isa = PBXFileReference; fileEncoding = 4; lastKnownFileType = sourcecode.cpp.cpp; path = cube.cpp; sourceTree = "<group>"; };
		3E99EC251CDB80A3007B73C0 /* 1613(역사).cpp */ = {isa = PBXFileReference; fileEncoding = 4; lastKnownFileType = sourcecode.cpp.cpp; path = "1613(역사).cpp"; sourceTree = "<group>"; };
		3E99EC271CDBCDE9007B73C0 /* 11375(열혈강호).cpp */ = {isa = PBXFileReference; fileEncoding = 4; lastKnownFileType = sourcecode.cpp.cpp; path = "11375(열혈강호).cpp"; sourceTree = "<group>"; };
		3EA663631CACF85A00FC964B /* 2826(함수의 리턴값).cpp */ = {isa = PBXFileReference; fileEncoding = 4; lastKnownFileType = sourcecode.cpp.cpp; path = "2826(함수의 리턴값).cpp"; sourceTree = "<group>"; };
		3EAE926E1CB9193D00DD16B7 /* 감시로봇.cpp */ = {isa = PBXFileReference; fileEncoding = 4; lastKnownFileType = sourcecode.cpp.cpp; path = "감시로봇.cpp"; sourceTree = "<group>"; };
		3EB94BD61CA6AF4C005C1812 /* 2110(공유기 설치).cpp */ = {isa = PBXFileReference; fileEncoding = 4; lastKnownFileType = sourcecode.cpp.cpp; path = "2110(공유기 설치).cpp"; sourceTree = "<group>"; };
		3EBAD98E1CEEA616007A3AA6 /* 2146(다리만들기).cpp */ = {isa = PBXFileReference; fileEncoding = 4; lastKnownFileType = sourcecode.cpp.cpp; path = "2146(다리만들기).cpp"; sourceTree = "<group>"; };
		3EC0BB831CFECCDC005CC3CD /* 1261(알고스팟).cpp */ = {isa = PBXFileReference; fileEncoding = 4; lastKnownFileType = sourcecode.cpp.cpp; path = "1261(알고스팟).cpp"; sourceTree = "<group>"; };
		3EC2477D1CA58D3C00F88B66 /* 1582(아티스트).cpp */ = {isa = PBXFileReference; fileEncoding = 4; lastKnownFileType = sourcecode.cpp.cpp; path = "1582(아티스트).cpp"; sourceTree = "<group>"; };
		3EC4AAE91CF988380056DDB4 /* 1654(랜선 자르기).cpp */ = {isa = PBXFileReference; fileEncoding = 4; lastKnownFileType = sourcecode.cpp.cpp; path = "1654(랜선 자르기).cpp"; sourceTree = "<group>"; };
		3EC9C3241D2C6A3C00E6388D /* 5.cpp */ = {isa = PBXFileReference; fileEncoding = 4; lastKnownFileType = sourcecode.cpp.cpp; name = 5.cpp; path = 2016/Round1/5.cpp; sourceTree = "<group>"; };
		3ECFF5831CAEEA8C00D214E2 /* 2066(카드놀이).cpp */ = {isa = PBXFileReference; fileEncoding = 4; lastKnownFileType = sourcecode.cpp.cpp; path = "2066(카드놀이).cpp"; sourceTree = "<group>"; };
		3ED043F41CD5D91300E1C80C /* 1102(발전소).cpp */ = {isa = PBXFileReference; fileEncoding = 4; lastKnownFileType = sourcecode.cpp.cpp; path = "1102(발전소).cpp"; sourceTree = "<group>"; };
		3EE77B3D1CB8C9EF00B47AC2 /* 윤목.cpp */ = {isa = PBXFileReference; fileEncoding = 4; lastKnownFileType = sourcecode.cpp.cpp; path = "윤목.cpp"; sourceTree = "<group>"; };
		3EEE67A21D235383009ACCEF /* 1.cpp */ = {isa = PBXFileReference; fileEncoding = 4; lastKnownFileType = sourcecode.cpp.cpp; name = 1.cpp; path = 2016/Round1/1.cpp; sourceTree = "<group>"; };
		3EEE67A41D2363E5009ACCEF /* 2.cpp */ = {isa = PBXFileReference; fileEncoding = 4; lastKnownFileType = sourcecode.cpp.cpp; name = 2.cpp; path = 2016/Round1/2.cpp; sourceTree = "<group>"; };
		3EEE67AA1D239E6C009ACCEF /* 4.cpp */ = {isa = PBXFileReference; fileEncoding = 4; lastKnownFileType = sourcecode.cpp.cpp; name = 4.cpp; path = 2016/Round1/4.cpp; sourceTree = "<group>"; };
		DF1CE0211C848D4000E00F1A /* 2250(트리의 높이와 너비).cpp */ = {isa = PBXFileReference; fileEncoding = 4; lastKnownFileType = sourcecode.cpp.cpp; path = "2250(트리의 높이와 너비).cpp"; sourceTree = "<group>"; };
		DF291DA91C39304E00B8B2B8 /* 11493 - A(Hungarian method).cpp */ = {isa = PBXFileReference; fileEncoding = 4; lastKnownFileType = sourcecode.cpp.cpp; path = "11493 - A(Hungarian method).cpp"; sourceTree = "<group>"; };
		DF45506E1C57D2BE005036FD /* MyHungarian.cpp */ = {isa = PBXFileReference; fileEncoding = 4; lastKnownFileType = sourcecode.cpp.cpp; path = MyHungarian.cpp; sourceTree = "<group>"; };
		DF63BE181C46138F004B751A /* 11493 - A(SPFA).cpp */ = {isa = PBXFileReference; fileEncoding = 4; lastKnownFileType = sourcecode.cpp.cpp; path = "11493 - A(SPFA).cpp"; sourceTree = "<group>"; };
		DF63BE1A1C468361004B751A /* 11495 - C(Maximum flow).cpp */ = {isa = PBXFileReference; fileEncoding = 4; lastKnownFileType = sourcecode.cpp.cpp; path = "11495 - C(Maximum flow).cpp"; sourceTree = "<group>"; };
		DF793B1B1C984F2B00794CB0 /* 1514(자물쇠).cpp */ = {isa = PBXFileReference; fileEncoding = 4; lastKnownFileType = sourcecode.cpp.cpp; path = "1514(자물쇠).cpp"; sourceTree = "<group>"; };
		DFB58F8D1C3F8D2F005AE498 /* bfs_test.cpp */ = {isa = PBXFileReference; fileEncoding = 4; lastKnownFileType = sourcecode.cpp.cpp; path = bfs_test.cpp; sourceTree = "<group>"; };
		DFE3203A1C3FC6B100838A2A /* Lucas_theorem_test.cpp */ = {isa = PBXFileReference; fileEncoding = 4; lastKnownFileType = sourcecode.cpp.cpp; path = Lucas_theorem_test.cpp; sourceTree = "<group>"; };
		DFED45091C2D5A1300E3EA78 /* AlgorithmTraining */ = {isa = PBXFileReference; explicitFileType = "compiled.mach-o.executable"; includeInIndex = 0; path = AlgorithmTraining; sourceTree = BUILT_PRODUCTS_DIR; };
		DFED45181C2D5A6300E3EA78 /* Baekjoon */ = {isa = PBXFileReference; explicitFileType = "compiled.mach-o.executable"; includeInIndex = 0; path = Baekjoon; sourceTree = BUILT_PRODUCTS_DIR; };
		DFED45211C2D5B7B00E3EA78 /* 10165(버스노선).cpp */ = {isa = PBXFileReference; fileEncoding = 4; lastKnownFileType = sourcecode.cpp.cpp; path = "10165(버스노선).cpp"; sourceTree = "<group>"; };
		DFED45221C2D5B7B00E3EA78 /* 7579(앱).cpp */ = {isa = PBXFileReference; fileEncoding = 4; lastKnownFileType = sourcecode.cpp.cpp; path = "7579(앱).cpp"; sourceTree = "<group>"; };
		DFED45251C2D5D4100E3EA78 /* 2492(보석 구매하기).cpp */ = {isa = PBXFileReference; fileEncoding = 4; lastKnownFileType = sourcecode.cpp.cpp; path = "2492(보석 구매하기).cpp"; sourceTree = "<group>"; };
		DFED45261C2D5D4100E3EA78 /* 2591(숫자카드).cpp */ = {isa = PBXFileReference; fileEncoding = 4; lastKnownFileType = sourcecode.cpp.cpp; path = "2591(숫자카드).cpp"; sourceTree = "<group>"; };
		DFED45271C2D5D4100E3EA78 /* 9457(기하학문양).cpp */ = {isa = PBXFileReference; fileEncoding = 4; lastKnownFileType = sourcecode.cpp.cpp; path = "9457(기하학문양).cpp"; sourceTree = "<group>"; };
		DFED45381C2D5EE600E3EA78 /* 4256(트리).c */ = {isa = PBXFileReference; fileEncoding = 4; lastKnownFileType = sourcecode.c.c; path = "4256(트리).c"; sourceTree = "<group>"; };
		DFED45391C2D5EE600E3EA78 /* 6064(잉카달력).c */ = {isa = PBXFileReference; fileEncoding = 4; lastKnownFileType = sourcecode.c.c; path = "6064(잉카달력).c"; sourceTree = "<group>"; };
		DFED453A1C2D5EE600E3EA78 /* 7489(factorials).c */ = {isa = PBXFileReference; fileEncoding = 4; lastKnownFileType = sourcecode.c.c; path = "7489(factorials).c"; sourceTree = "<group>"; };
		DFED453B1C2D5EE600E3EA78 /* 7662(이중우선순위큐).c */ = {isa = PBXFileReference; fileEncoding = 4; lastKnownFileType = sourcecode.c.c; path = "7662(이중우선순위큐).c"; sourceTree = "<group>"; };
		DFED453C1C2D5EE600E3EA78 /* 8895(막대배치).c */ = {isa = PBXFileReference; fileEncoding = 4; lastKnownFileType = sourcecode.c.c; path = "8895(막대배치).c"; sourceTree = "<group>"; };
		DFED453D1C2D5EE600E3EA78 /* 9465.c */ = {isa = PBXFileReference; fileEncoding = 4; lastKnownFileType = sourcecode.c.c; path = 9465.c; sourceTree = "<group>"; };
		DFED453E1C2D5EE600E3EA78 /* 9942(하노이 4탑).c */ = {isa = PBXFileReference; fileEncoding = 4; lastKnownFileType = sourcecode.c.c; path = "9942(하노이 4탑).c"; sourceTree = "<group>"; };
		DFED453F1C2D5EE600E3EA78 /* 9943(Light Switches).c */ = {isa = PBXFileReference; fileEncoding = 4; lastKnownFileType = sourcecode.c.c; path = "9943(Light Switches).c"; sourceTree = "<group>"; };
		DFED455F1C2D69AB00E3EA78 /* Codejam2015 */ = {isa = PBXFileReference; explicitFileType = "compiled.mach-o.executable"; includeInIndex = 0; path = Codejam2015; sourceTree = BUILT_PRODUCTS_DIR; };
		DFED456B1C2D6A2900E3EA78 /* 1A_A.cpp */ = {isa = PBXFileReference; fileEncoding = 4; lastKnownFileType = sourcecode.cpp.cpp; path = 1A_A.cpp; sourceTree = "<group>"; };
		DFED456C1C2D6A2900E3EA78 /* 1A_B.cpp */ = {isa = PBXFileReference; fileEncoding = 4; lastKnownFileType = sourcecode.cpp.cpp; path = 1A_B.cpp; sourceTree = "<group>"; };
		DFED456D1C2D6A2900E3EA78 /* 1A_C.cpp */ = {isa = PBXFileReference; fileEncoding = 4; lastKnownFileType = sourcecode.cpp.cpp; path = 1A_C.cpp; sourceTree = "<group>"; };
		DFED45711C2D6AA300E3EA78 /* 1B_A.cpp */ = {isa = PBXFileReference; fileEncoding = 4; lastKnownFileType = sourcecode.cpp.cpp; path = 1B_A.cpp; sourceTree = "<group>"; };
		DFED45721C2D6AA300E3EA78 /* 1B_B.cpp */ = {isa = PBXFileReference; fileEncoding = 4; lastKnownFileType = sourcecode.cpp.cpp; path = 1B_B.cpp; sourceTree = "<group>"; };
		DFED45731C2D6AA300E3EA78 /* 1B_C.cpp */ = {isa = PBXFileReference; fileEncoding = 4; lastKnownFileType = sourcecode.cpp.cpp; path = 1B_C.cpp; sourceTree = "<group>"; };
		DFED45771C2D6AC500E3EA78 /* 1C_A.cpp */ = {isa = PBXFileReference; fileEncoding = 4; lastKnownFileType = sourcecode.cpp.cpp; path = 1C_A.cpp; sourceTree = "<group>"; };
		DFED45781C2D6AC500E3EA78 /* 1C_B.cpp */ = {isa = PBXFileReference; fileEncoding = 4; lastKnownFileType = sourcecode.cpp.cpp; path = 1C_B.cpp; sourceTree = "<group>"; };
		DFED45791C2D6AC500E3EA78 /* 1C_C.cpp */ = {isa = PBXFileReference; fileEncoding = 4; lastKnownFileType = sourcecode.cpp.cpp; path = 1C_C.cpp; sourceTree = "<group>"; };
		DFED457D1C2D6AEC00E3EA78 /* 2_A.cpp */ = {isa = PBXFileReference; fileEncoding = 4; lastKnownFileType = sourcecode.cpp.cpp; path = 2_A.cpp; sourceTree = "<group>"; };
		DFED457E1C2D6AEC00E3EA78 /* 2_B.cpp */ = {isa = PBXFileReference; fileEncoding = 4; lastKnownFileType = sourcecode.cpp.cpp; path = 2_B.cpp; sourceTree = "<group>"; };
		DFED45821C2D6AEC00E3EA78 /* 2_C.cpp */ = {isa = PBXFileReference; fileEncoding = 4; lastKnownFileType = sourcecode.cpp.cpp; path = 2_C.cpp; sourceTree = "<group>"; };
		DFED45841C2D6AEC00E3EA78 /* 2_D.cpp */ = {isa = PBXFileReference; fileEncoding = 4; lastKnownFileType = sourcecode.cpp.cpp; path = 2_D.cpp; sourceTree = "<group>"; };
		DFED458D1C2D6B5D00E3EA78 /* 3_A.cpp */ = {isa = PBXFileReference; fileEncoding = 4; lastKnownFileType = sourcecode.cpp.cpp; path = 3_A.cpp; sourceTree = "<group>"; };
		DFED458E1C2D6B5D00E3EA78 /* 3_B.cpp */ = {isa = PBXFileReference; fileEncoding = 4; lastKnownFileType = sourcecode.cpp.cpp; path = 3_B.cpp; sourceTree = "<group>"; };
		DFED458F1C2D6B5D00E3EA78 /* 3_C.cpp */ = {isa = PBXFileReference; fileEncoding = 4; lastKnownFileType = sourcecode.cpp.cpp; path = 3_C.cpp; sourceTree = "<group>"; };
		DFED45901C2D6B5D00E3EA78 /* 3_C(2).cpp */ = {isa = PBXFileReference; fileEncoding = 4; lastKnownFileType = sourcecode.cpp.cpp; path = "3_C(2).cpp"; sourceTree = "<group>"; };
		DFED45911C2D6B5D00E3EA78 /* 3_D.cpp */ = {isa = PBXFileReference; fileEncoding = 4; lastKnownFileType = sourcecode.cpp.cpp; path = 3_D.cpp; sourceTree = "<group>"; };
		DFED45931C2D6B5D00E3EA78 /* 3_E.cpp */ = {isa = PBXFileReference; fileEncoding = 4; lastKnownFileType = sourcecode.cpp.cpp; path = 3_E.cpp; sourceTree = "<group>"; };
		DFED45A11C2D6F9400E3EA78 /* Dovelet */ = {isa = PBXFileReference; explicitFileType = "compiled.mach-o.executable"; includeInIndex = 0; path = Dovelet; sourceTree = BUILT_PRODUCTS_DIR; };
		DFED45D61C2D719A00E3EA78 /* amicable.c */ = {isa = PBXFileReference; fileEncoding = 4; lastKnownFileType = sourcecode.c.c; path = amicable.c; sourceTree = "<group>"; };
		DFED45D71C2D719A00E3EA78 /* apple_catching.c */ = {isa = PBXFileReference; fileEncoding = 4; lastKnownFileType = sourcecode.c.c; path = apple_catching.c; sourceTree = "<group>"; };
		DFED45D81C2D719A00E3EA78 /* apple.c */ = {isa = PBXFileReference; fileEncoding = 4; lastKnownFileType = sourcecode.c.c; path = apple.c; sourceTree = "<group>"; };
		DFED45D91C2D719A00E3EA78 /* athletic.c */ = {isa = PBXFileReference; fileEncoding = 4; lastKnownFileType = sourcecode.c.c; path = athletic.c; sourceTree = "<group>"; };
		DFED45DA1C2D719A00E3EA78 /* b_lineup.c */ = {isa = PBXFileReference; fileEncoding = 4; lastKnownFileType = sourcecode.c.c; path = b_lineup.c; sourceTree = "<group>"; };
		DFED45DB1C2D719A00E3EA78 /* baby_gin.c */ = {isa = PBXFileReference; fileEncoding = 4; lastKnownFileType = sourcecode.c.c; path = baby_gin.c; sourceTree = "<group>"; };
		DFED45DC1C2D719A00E3EA78 /* bank1.c */ = {isa = PBXFileReference; fileEncoding = 4; lastKnownFileType = sourcecode.c.c; path = bank1.c; sourceTree = "<group>"; };
		DFED45DD1C2D719A00E3EA78 /* barn.c */ = {isa = PBXFileReference; fileEncoding = 4; lastKnownFileType = sourcecode.c.c; path = barn.c; sourceTree = "<group>"; };
		DFED45DE1C2D719A00E3EA78 /* beat.c */ = {isa = PBXFileReference; fileEncoding = 4; lastKnownFileType = sourcecode.c.c; path = beat.c; sourceTree = "<group>"; };
		DFED45DF1C2D719A00E3EA78 /* border.c */ = {isa = PBXFileReference; fileEncoding = 4; lastKnownFileType = sourcecode.c.c; path = border.c; sourceTree = "<group>"; };
		DFED45E01C2D719A00E3EA78 /* bridge.c */ = {isa = PBXFileReference; fileEncoding = 4; lastKnownFileType = sourcecode.c.c; path = bridge.c; sourceTree = "<group>"; };
		DFED45E11C2D719A00E3EA78 /* buy_lower.c */ = {isa = PBXFileReference; fileEncoding = 4; lastKnownFileType = sourcecode.c.c; path = buy_lower.c; sourceTree = "<group>"; };
		DFED45E21C2D719A00E3EA78 /* buy_lower(vol2).c */ = {isa = PBXFileReference; fileEncoding = 4; lastKnownFileType = sourcecode.c.c; path = "buy_lower(vol2).c"; sourceTree = "<group>"; };
		DFED45E31C2D719B00E3EA78 /* card_trick.c */ = {isa = PBXFileReference; fileEncoding = 4; lastKnownFileType = sourcecode.c.c; path = card_trick.c; sourceTree = "<group>"; };
		DFED45E41C2D719B00E3EA78 /* ccc_palin.c */ = {isa = PBXFileReference; fileEncoding = 4; lastKnownFileType = sourcecode.c.c; path = ccc_palin.c; sourceTree = "<group>"; };
		DFED45E51C2D719B00E3EA78 /* charm.c */ = {isa = PBXFileReference; fileEncoding = 4; lastKnownFileType = sourcecode.c.c; path = charm.c; sourceTree = "<group>"; };
		DFED45E61C2D719B00E3EA78 /* chessboard.c */ = {isa = PBXFileReference; fileEncoding = 4; lastKnownFileType = sourcecode.c.c; path = chessboard.c; sourceTree = "<group>"; };
		DFED45E71C2D719B00E3EA78 /* coin.c */ = {isa = PBXFileReference; fileEncoding = 4; lastKnownFileType = sourcecode.c.c; path = coin.c; sourceTree = "<group>"; };
		DFED45E81C2D719B00E3EA78 /* crypt.c */ = {isa = PBXFileReference; fileEncoding = 4; lastKnownFileType = sourcecode.c.c; path = crypt.c; sourceTree = "<group>"; };
		DFED45E91C2D719B00E3EA78 /* ctu_stock.c */ = {isa = PBXFileReference; fileEncoding = 4; lastKnownFileType = sourcecode.c.c; path = ctu_stock.c; sourceTree = "<group>"; };
		DFED45EA1C2D719B00E3EA78 /* danji.c */ = {isa = PBXFileReference; fileEncoding = 4; lastKnownFileType = sourcecode.c.c; path = danji.c; sourceTree = "<group>"; };
		DFED45EB1C2D719B00E3EA78 /* dfs.c */ = {isa = PBXFileReference; fileEncoding = 4; lastKnownFileType = sourcecode.c.c; path = dfs.c; sourceTree = "<group>"; };
		DFED45EC1C2D719B00E3EA78 /* differential.c */ = {isa = PBXFileReference; fileEncoding = 4; lastKnownFileType = sourcecode.c.c; path = differential.c; sourceTree = "<group>"; };
		DFED45ED1C2D719B00E3EA78 /* dijkstra.c */ = {isa = PBXFileReference; fileEncoding = 4; lastKnownFileType = sourcecode.c.c; path = dijkstra.c; sourceTree = "<group>"; };
		DFED45EE1C2D719B00E3EA78 /* dna.cpp */ = {isa = PBXFileReference; fileEncoding = 4; lastKnownFileType = sourcecode.cpp.cpp; path = dna.cpp; sourceTree = "<group>"; };
		DFED45EF1C2D719B00E3EA78 /* dual_palindrome.c */ = {isa = PBXFileReference; fileEncoding = 4; lastKnownFileType = sourcecode.c.c; path = dual_palindrome.c; sourceTree = "<group>"; };
		DFED45F01C2D719B00E3EA78 /* eating_together.c */ = {isa = PBXFileReference; fileEncoding = 4; lastKnownFileType = sourcecode.c.c; path = eating_together.c; sourceTree = "<group>"; };
		DFED45F11C2D719B00E3EA78 /* eboxex.c */ = {isa = PBXFileReference; fileEncoding = 4; lastKnownFileType = sourcecode.c.c; path = eboxex.c; sourceTree = "<group>"; };
		DFED45F21C2D719B00E3EA78 /* euler.c */ = {isa = PBXFileReference; fileEncoding = 4; lastKnownFileType = sourcecode.c.c; path = euler.c; sourceTree = "<group>"; };
		DFED45F31C2D719B00E3EA78 /* flea.c */ = {isa = PBXFileReference; fileEncoding = 4; lastKnownFileType = sourcecode.c.c; path = flea.c; sourceTree = "<group>"; };
		DFED45F41C2D719B00E3EA78 /* fraction.c */ = {isa = PBXFileReference; fileEncoding = 4; lastKnownFileType = sourcecode.c.c; path = fraction.c; sourceTree = "<group>"; };
		DFED45F51C2D719B00E3EA78 /* gc.c */ = {isa = PBXFileReference; fileEncoding = 4; lastKnownFileType = sourcecode.c.c; path = gc.c; sourceTree = "<group>"; };
		DFED45F61C2D719B00E3EA78 /* hanoi1.c */ = {isa = PBXFileReference; fileEncoding = 4; lastKnownFileType = sourcecode.c.c; path = hanoi1.c; sourceTree = "<group>"; };
		DFED45F71C2D719B00E3EA78 /* Ics.c */ = {isa = PBXFileReference; fileEncoding = 4; lastKnownFileType = sourcecode.c.c; path = Ics.c; sourceTree = "<group>"; };
		DFED45F81C2D719B00E3EA78 /* jail.c */ = {isa = PBXFileReference; fileEncoding = 4; lastKnownFileType = sourcecode.c.c; path = jail.c; sourceTree = "<group>"; };
		DFED45F91C2D719B00E3EA78 /* jinjin.c */ = {isa = PBXFileReference; fileEncoding = 4; lastKnownFileType = sourcecode.c.c; path = jinjin.c; sourceTree = "<group>"; };
		DFED45FA1C2D719B00E3EA78 /* jolly.c */ = {isa = PBXFileReference; fileEncoding = 4; lastKnownFileType = sourcecode.c.c; path = jolly.c; sourceTree = "<group>"; };
		DFED45FB1C2D719B00E3EA78 /* jumping_cow.c */ = {isa = PBXFileReference; fileEncoding = 4; lastKnownFileType = sourcecode.c.c; path = jumping_cow.c; sourceTree = "<group>"; };
		DFED45FC1C2D719B00E3EA78 /* koi_bro.c */ = {isa = PBXFileReference; fileEncoding = 4; lastKnownFileType = sourcecode.c.c; path = koi_bro.c; sourceTree = "<group>"; };
		DFED45FD1C2D719B00E3EA78 /* labyrinth.c */ = {isa = PBXFileReference; fileEncoding = 4; lastKnownFileType = sourcecode.c.c; path = labyrinth.c; sourceTree = "<group>"; };
		DFED45FE1C2D719B00E3EA78 /* labyrinth(vol2).c */ = {isa = PBXFileReference; fileEncoding = 4; lastKnownFileType = sourcecode.c.c; path = "labyrinth(vol2).c"; sourceTree = "<group>"; };
		DFED45FF1C2D719B00E3EA78 /* labyrinth(vol3).c */ = {isa = PBXFileReference; fileEncoding = 4; lastKnownFileType = sourcecode.c.c; path = "labyrinth(vol3).c"; sourceTree = "<group>"; };
		DFED46001C2D719B00E3EA78 /* labyrinth(vol4).c */ = {isa = PBXFileReference; fileEncoding = 4; lastKnownFileType = sourcecode.c.c; path = "labyrinth(vol4).c"; sourceTree = "<group>"; };
		DFED46011C2D719B00E3EA78 /* linear.c */ = {isa = PBXFileReference; fileEncoding = 4; lastKnownFileType = sourcecode.c.c; path = linear.c; sourceTree = "<group>"; };
		DFED46021C2D719B00E3EA78 /* logs_stacking.c */ = {isa = PBXFileReference; fileEncoding = 4; lastKnownFileType = sourcecode.c.c; path = logs_stacking.c; sourceTree = "<group>"; };
		DFED46031C2D719B00E3EA78 /* lotto.c */ = {isa = PBXFileReference; fileEncoding = 4; lastKnownFileType = sourcecode.c.c; path = lotto.c; sourceTree = "<group>"; };
		DFED46041C2D719B00E3EA78 /* lunacy.c */ = {isa = PBXFileReference; fileEncoding = 4; lastKnownFileType = sourcecode.c.c; path = lunacy.c; sourceTree = "<group>"; };
		DFED46051C2D719B00E3EA78 /* mchain.c */ = {isa = PBXFileReference; fileEncoding = 4; lastKnownFileType = sourcecode.c.c; path = mchain.c; sourceTree = "<group>"; };
		DFED46061C2D719B00E3EA78 /* meat.c */ = {isa = PBXFileReference; fileEncoding = 4; lastKnownFileType = sourcecode.c.c; path = meat.c; sourceTree = "<group>"; };
		DFED46071C2D719B00E3EA78 /* minterval.c */ = {isa = PBXFileReference; fileEncoding = 4; lastKnownFileType = sourcecode.c.c; path = minterval.c; sourceTree = "<group>"; };
		DFED46081C2D719B00E3EA78 /* moving.c */ = {isa = PBXFileReference; fileEncoding = 4; lastKnownFileType = sourcecode.c.c; path = moving.c; sourceTree = "<group>"; };
		DFED46091C2D719B00E3EA78 /* oil.c */ = {isa = PBXFileReference; fileEncoding = 4; lastKnownFileType = sourcecode.c.c; path = oil.c; sourceTree = "<group>"; };
		DFED460A1C2D719B00E3EA78 /* pie.c */ = {isa = PBXFileReference; fileEncoding = 4; lastKnownFileType = sourcecode.c.c; path = pie.c; sourceTree = "<group>"; };
		DFED460B1C2D719B00E3EA78 /* prefix.c */ = {isa = PBXFileReference; fileEncoding = 4; lastKnownFileType = sourcecode.c.c; path = prefix.c; sourceTree = "<group>"; };
		DFED460C1C2D719B00E3EA78 /* prime_palin.c */ = {isa = PBXFileReference; fileEncoding = 4; lastKnownFileType = sourcecode.c.c; path = prime_palin.c; sourceTree = "<group>"; };
		DFED460D1C2D719B00E3EA78 /* prime_path.c */ = {isa = PBXFileReference; fileEncoding = 4; lastKnownFileType = sourcecode.c.c; path = prime_path.c; sourceTree = "<group>"; };
		DFED460E1C2D719B00E3EA78 /* prime_path(vol2).c */ = {isa = PBXFileReference; fileEncoding = 4; lastKnownFileType = sourcecode.c.c; path = "prime_path(vol2).c"; sourceTree = "<group>"; };
		DFED460F1C2D719B00E3EA78 /* quick_change.c */ = {isa = PBXFileReference; fileEncoding = 4; lastKnownFileType = sourcecode.c.c; path = quick_change.c; sourceTree = "<group>"; };
		DFED46101C2D719B00E3EA78 /* quicksort.c */ = {isa = PBXFileReference; fileEncoding = 4; lastKnownFileType = sourcecode.c.c; path = quicksort.c; sourceTree = "<group>"; };
		DFED46111C2D719B00E3EA78 /* radix.c */ = {isa = PBXFileReference; fileEncoding = 4; lastKnownFileType = sourcecode.c.c; path = radix.c; sourceTree = "<group>"; };
		DFED46121C2D719B00E3EA78 /* rcq.c */ = {isa = PBXFileReference; fileEncoding = 4; lastKnownFileType = sourcecode.c.c; path = rcq.c; sourceTree = "<group>"; };
		DFED46131C2D719B00E3EA78 /* rsq.c */ = {isa = PBXFileReference; fileEncoding = 4; lastKnownFileType = sourcecode.c.c; path = rsq.c; sourceTree = "<group>"; };
		DFED46141C2D719B00E3EA78 /* safty.c */ = {isa = PBXFileReference; fileEncoding = 4; lastKnownFileType = sourcecode.c.c; path = safty.c; sourceTree = "<group>"; };
		DFED46151C2D719B00E3EA78 /* scrament.c */ = {isa = PBXFileReference; fileEncoding = 4; lastKnownFileType = sourcecode.c.c; path = scrament.c; sourceTree = "<group>"; };
		DFED46161C2D719B00E3EA78 /* shake.c */ = {isa = PBXFileReference; fileEncoding = 4; lastKnownFileType = sourcecode.c.c; path = shake.c; sourceTree = "<group>"; };
		DFED46171C2D719B00E3EA78 /* snail_trails.c */ = {isa = PBXFileReference; fileEncoding = 4; lastKnownFileType = sourcecode.c.c; path = snail_trails.c; sourceTree = "<group>"; };
		DFED46181C2D719B00E3EA78 /* soccer_judgement.c */ = {isa = PBXFileReference; fileEncoding = 4; lastKnownFileType = sourcecode.c.c; path = soccer_judgement.c; sourceTree = "<group>"; };
		DFED46191C2D719B00E3EA78 /* spheap(dijkstra 2).c */ = {isa = PBXFileReference; fileEncoding = 4; lastKnownFileType = sourcecode.c.c; path = "spheap(dijkstra 2).c"; sourceTree = "<group>"; };
		DFED461A1C2D719B00E3EA78 /* starship_maze.c */ = {isa = PBXFileReference; fileEncoding = 4; lastKnownFileType = sourcecode.c.c; path = starship_maze.c; sourceTree = "<group>"; };
		DFED461B1C2D719B00E3EA78 /* string(kos4u_string).c */ = {isa = PBXFileReference; fileEncoding = 4; lastKnownFileType = sourcecode.c.c; path = "string(kos4u_string).c"; sourceTree = "<group>"; };
		DFED461C1C2D719B00E3EA78 /* subset.c */ = {isa = PBXFileReference; fileEncoding = 4; lastKnownFileType = sourcecode.c.c; path = subset.c; sourceTree = "<group>"; };
		DFED461D1C2D719B00E3EA78 /* sugar.c */ = {isa = PBXFileReference; fileEncoding = 4; lastKnownFileType = sourcecode.c.c; path = sugar.c; sourceTree = "<group>"; };
		DFED461E1C2D719B00E3EA78 /* sumsets.c */ = {isa = PBXFileReference; fileEncoding = 4; lastKnownFileType = sourcecode.c.c; path = sumsets.c; sourceTree = "<group>"; };
		DFED461F1C2D719B00E3EA78 /* tencard.c */ = {isa = PBXFileReference; fileEncoding = 4; lastKnownFileType = sourcecode.c.c; path = tencard.c; sourceTree = "<group>"; };
		DFED46201C2D719B00E3EA78 /* tencard(vol2).c */ = {isa = PBXFileReference; fileEncoding = 4; lastKnownFileType = sourcecode.c.c; path = "tencard(vol2).c"; sourceTree = "<group>"; };
		DFED46221C2D719B00E3EA78 /* the_king.c */ = {isa = PBXFileReference; fileEncoding = 4; lastKnownFileType = sourcecode.c.c; path = the_king.c; sourceTree = "<group>"; };
		DFED46231C2D719B00E3EA78 /* tiger.c */ = {isa = PBXFileReference; fileEncoding = 4; lastKnownFileType = sourcecode.c.c; path = tiger.c; sourceTree = "<group>"; };
		DFED46241C2D719B00E3EA78 /* tourist_solution.cpp */ = {isa = PBXFileReference; fileEncoding = 4; lastKnownFileType = sourcecode.cpp.cpp; path = tourist_solution.cpp; sourceTree = "<group>"; };
		DFED46251C2D719B00E3EA78 /* tourist.c */ = {isa = PBXFileReference; fileEncoding = 4; lastKnownFileType = sourcecode.c.c; path = tourist.c; sourceTree = "<group>"; };
		DFED46261C2D719B00E3EA78 /* tourist(vol2).cpp */ = {isa = PBXFileReference; fileEncoding = 4; lastKnownFileType = sourcecode.cpp.cpp; path = "tourist(vol2).cpp"; sourceTree = "<group>"; };
		DFED46271C2D719B00E3EA78 /* tourist(vol3).cpp */ = {isa = PBXFileReference; fileEncoding = 4; lastKnownFileType = sourcecode.cpp.cpp; path = "tourist(vol3).cpp"; sourceTree = "<group>"; };
		DFED46281C2D719B00E3EA78 /* ustair.c */ = {isa = PBXFileReference; fileEncoding = 4; lastKnownFileType = sourcecode.c.c; path = ustair.c; sourceTree = "<group>"; };
		DFED46291C2D719B00E3EA78 /* virus1.c */ = {isa = PBXFileReference; fileEncoding = 4; lastKnownFileType = sourcecode.c.c; path = virus1.c; sourceTree = "<group>"; };
		DFED462A1C2D719B00E3EA78 /* white.c */ = {isa = PBXFileReference; fileEncoding = 4; lastKnownFileType = sourcecode.c.c; path = white.c; sourceTree = "<group>"; };
		DFED462B1C2D719B00E3EA78 /* worm.c */ = {isa = PBXFileReference; fileEncoding = 4; lastKnownFileType = sourcecode.c.c; path = worm.c; sourceTree = "<group>"; };
		DFED46871C2D721300E3EA78 /* SCPC */ = {isa = PBXFileReference; explicitFileType = "compiled.mach-o.executable"; includeInIndex = 0; path = SCPC; sourceTree = BUILT_PRODUCTS_DIR; };
		DFED468F1C2D72E900E3EA78 /* P_1.cpp */ = {isa = PBXFileReference; lastKnownFileType = sourcecode.cpp.cpp; path = P_1.cpp; sourceTree = "<group>"; };
		DFED46901C2D72E900E3EA78 /* P_2.cpp */ = {isa = PBXFileReference; lastKnownFileType = sourcecode.cpp.cpp; path = P_2.cpp; sourceTree = "<group>"; };
		DFED46911C2D72E900E3EA78 /* P_3.cpp */ = {isa = PBXFileReference; lastKnownFileType = sourcecode.cpp.cpp; path = P_3.cpp; sourceTree = "<group>"; };
		DFED46921C2D72E900E3EA78 /* P_4.cpp */ = {isa = PBXFileReference; lastKnownFileType = sourcecode.cpp.cpp; path = P_4.cpp; sourceTree = "<group>"; };
		DFED46931C2D72E900E3EA78 /* P_5.cpp */ = {isa = PBXFileReference; lastKnownFileType = sourcecode.cpp.cpp; path = P_5.cpp; sourceTree = "<group>"; };
		DFED46941C2D72E900E3EA78 /* P_6.cpp */ = {isa = PBXFileReference; lastKnownFileType = sourcecode.cpp.cpp; path = P_6.cpp; sourceTree = "<group>"; };
		DFED46951C2D72E900E3EA78 /* P_7.cpp */ = {isa = PBXFileReference; lastKnownFileType = sourcecode.cpp.cpp; path = P_7.cpp; sourceTree = "<group>"; };
		DFED46961C2D72E900E3EA78 /* P_7(vol2).cpp */ = {isa = PBXFileReference; lastKnownFileType = sourcecode.cpp.cpp; path = "P_7(vol2).cpp"; sourceTree = "<group>"; };
		DFED46971C2D72E900E3EA78 /* P_8.cpp */ = {isa = PBXFileReference; lastKnownFileType = sourcecode.cpp.cpp; path = P_8.cpp; sourceTree = "<group>"; };
		DFED46981C2D72E900E3EA78 /* P_9.cpp */ = {isa = PBXFileReference; lastKnownFileType = sourcecode.cpp.cpp; path = P_9.cpp; sourceTree = "<group>"; };
		DFED46991C2D72E900E3EA78 /* P_10.cpp */ = {isa = PBXFileReference; lastKnownFileType = sourcecode.cpp.cpp; path = P_10.cpp; sourceTree = "<group>"; };
		DFED469A1C2D752D00E3EA78 /* koi_delivery.cpp */ = {isa = PBXFileReference; lastKnownFileType = sourcecode.cpp.cpp; path = koi_delivery.cpp; sourceTree = "<group>"; };
		DFED469B1C2D752D00E3EA78 /* koi_gene.cpp */ = {isa = PBXFileReference; lastKnownFileType = sourcecode.cpp.cpp; path = koi_gene.cpp; sourceTree = "<group>"; };
		DFED469C1C2D752D00E3EA78 /* koi_hunter.cpp */ = {isa = PBXFileReference; lastKnownFileType = sourcecode.cpp.cpp; path = koi_hunter.cpp; sourceTree = "<group>"; };
		DFED469D1C2D752D00E3EA78 /* koi_ladd.cpp */ = {isa = PBXFileReference; lastKnownFileType = sourcecode.cpp.cpp; path = koi_ladd.cpp; sourceTree = "<group>"; };
		DFED469E1C2D752D00E3EA78 /* koi_ladd(spacial_judge).cpp */ = {isa = PBXFileReference; lastKnownFileType = sourcecode.cpp.cpp; path = "koi_ladd(spacial_judge).cpp"; sourceTree = "<group>"; };
		DFED469F1C2D752D00E3EA78 /* koi_luck.cpp */ = {isa = PBXFileReference; lastKnownFileType = sourcecode.cpp.cpp; path = koi_luck.cpp; sourceTree = "<group>"; };
		DFED46A01C2D752D00E3EA78 /* koi_luck(vol2).cpp */ = {isa = PBXFileReference; lastKnownFileType = sourcecode.cpp.cpp; path = "koi_luck(vol2).cpp"; sourceTree = "<group>"; };
		DFED46A11C2D752D00E3EA78 /* koi_luck(vol3).cpp */ = {isa = PBXFileReference; lastKnownFileType = sourcecode.cpp.cpp; path = "koi_luck(vol3).cpp"; sourceTree = "<group>"; };
		DFED46A41C2D764500E3EA78 /* R1_1.cpp */ = {isa = PBXFileReference; lastKnownFileType = sourcecode.cpp.cpp; path = R1_1.cpp; sourceTree = "<group>"; };
		DFED46A51C2D764500E3EA78 /* R1_2.cpp */ = {isa = PBXFileReference; lastKnownFileType = sourcecode.cpp.cpp; path = R1_2.cpp; sourceTree = "<group>"; };
		DFED46A61C2D764500E3EA78 /* R1_3.cpp */ = {isa = PBXFileReference; lastKnownFileType = sourcecode.cpp.cpp; path = R1_3.cpp; sourceTree = "<group>"; };
		DFED46A71C2D764500E3EA78 /* R1_4.cpp */ = {isa = PBXFileReference; lastKnownFileType = sourcecode.cpp.cpp; path = R1_4.cpp; sourceTree = "<group>"; };
		DFED46A81C2D764500E3EA78 /* R1_5.cpp */ = {isa = PBXFileReference; lastKnownFileType = sourcecode.cpp.cpp; path = R1_5.cpp; sourceTree = "<group>"; };
		DFED46A91C2D767E00E3EA78 /* R2_1.cpp */ = {isa = PBXFileReference; lastKnownFileType = sourcecode.cpp.cpp; path = R2_1.cpp; sourceTree = "<group>"; };
		DFED46AA1C2D767E00E3EA78 /* R2_2.cpp */ = {isa = PBXFileReference; lastKnownFileType = sourcecode.cpp.cpp; path = R2_2.cpp; sourceTree = "<group>"; };
		DFED46AB1C2D767E00E3EA78 /* R2_3.cpp */ = {isa = PBXFileReference; lastKnownFileType = sourcecode.cpp.cpp; path = R2_3.cpp; sourceTree = "<group>"; };
		DFED46AC1C2D767E00E3EA78 /* R2_4.cpp */ = {isa = PBXFileReference; lastKnownFileType = sourcecode.cpp.cpp; path = R2_4.cpp; sourceTree = "<group>"; };
		DFED46AD1C2D767E00E3EA78 /* R2_4(vol2).cpp */ = {isa = PBXFileReference; lastKnownFileType = sourcecode.cpp.cpp; path = "R2_4(vol2).cpp"; sourceTree = "<group>"; };
		DFED46AE1C2D767E00E3EA78 /* R2_5.cpp */ = {isa = PBXFileReference; lastKnownFileType = sourcecode.cpp.cpp; path = R2_5.cpp; sourceTree = "<group>"; };
		DFED46AF1C2D767E00E3EA78 /* R2_5(vol2).cpp */ = {isa = PBXFileReference; lastKnownFileType = sourcecode.cpp.cpp; path = "R2_5(vol2).cpp"; sourceTree = "<group>"; };
		DFF3A1F91C71C79300202C3C /* 2500(복불복).cpp */ = {isa = PBXFileReference; fileEncoding = 4; lastKnownFileType = sourcecode.cpp.cpp; path = "2500(복불복).cpp"; sourceTree = "<group>"; };
		DFF3B2421C722F5E00202C3C /* 2098(외판원 순회).cpp */ = {isa = PBXFileReference; fileEncoding = 4; lastKnownFileType = sourcecode.cpp.cpp; path = "2098(외판원 순회).cpp"; sourceTree = "<group>"; };
/* End PBXFileReference section */

/* Begin PBXFrameworksBuildPhase section */
		DFED45061C2D5A1300E3EA78 /* Frameworks */ = {
			isa = PBXFrameworksBuildPhase;
			buildActionMask = 2147483647;
			files = (
			);
			runOnlyForDeploymentPostprocessing = 0;
		};
		DFED45151C2D5A6300E3EA78 /* Frameworks */ = {
			isa = PBXFrameworksBuildPhase;
			buildActionMask = 2147483647;
			files = (
			);
			runOnlyForDeploymentPostprocessing = 0;
		};
		DFED455C1C2D69AB00E3EA78 /* Frameworks */ = {
			isa = PBXFrameworksBuildPhase;
			buildActionMask = 2147483647;
			files = (
			);
			runOnlyForDeploymentPostprocessing = 0;
		};
		DFED459E1C2D6F9400E3EA78 /* Frameworks */ = {
			isa = PBXFrameworksBuildPhase;
			buildActionMask = 2147483647;
			files = (
			);
			runOnlyForDeploymentPostprocessing = 0;
		};
		DFED46841C2D721300E3EA78 /* Frameworks */ = {
			isa = PBXFrameworksBuildPhase;
			buildActionMask = 2147483647;
			files = (
			);
			runOnlyForDeploymentPostprocessing = 0;
		};
/* End PBXFrameworksBuildPhase section */

/* Begin PBXGroup section */
		3EEE67A01D23536C009ACCEF /* 2016 */ = {
			isa = PBXGroup;
			children = (
				3EEE67A11D235371009ACCEF /* Round1 */,
			);
			name = 2016;
			sourceTree = "<group>";
		};
		3EEE67A11D235371009ACCEF /* Round1 */ = {
			isa = PBXGroup;
			children = (
				3EEE67A21D235383009ACCEF /* 1.cpp */,
				3EEE67A41D2363E5009ACCEF /* 2.cpp */,
				3EEE67AA1D239E6C009ACCEF /* 4.cpp */,
				3EC9C3241D2C6A3C00E6388D /* 5.cpp */,
			);
			name = Round1;
			sourceTree = "<group>";
		};
		DF291DA81C392FD000B8B2B8 /* Asia Regional Daejeon 2015 */ = {
			isa = PBXGroup;
			children = (
				DF291DA91C39304E00B8B2B8 /* 11493 - A(Hungarian method).cpp */,
				DF45506E1C57D2BE005036FD /* MyHungarian.cpp */,
				DF63BE181C46138F004B751A /* 11493 - A(SPFA).cpp */,
				DF63BE1A1C468361004B751A /* 11495 - C(Maximum flow).cpp */,
			);
			name = "Asia Regional Daejeon 2015";
			sourceTree = "<group>";
		};
		DFED45001C2D5A1300E3EA78 = {
			isa = PBXGroup;
			children = (
				DFED450B1C2D5A1300E3EA78 /* AlgorithmTraining */,
				DFED45601C2D69AB00E3EA78 /* Codejam2015 */,
				DFED45191C2D5A6300E3EA78 /* Baekjoon */,
				DFED45A21C2D6F9400E3EA78 /* Dovelet */,
				DFED46881C2D721300E3EA78 /* SCPC */,
				DFED450A1C2D5A1300E3EA78 /* Products */,
			);
			sourceTree = "<group>";
		};
		DFED450A1C2D5A1300E3EA78 /* Products */ = {
			isa = PBXGroup;
			children = (
				DFED45091C2D5A1300E3EA78 /* AlgorithmTraining */,
				DFED45181C2D5A6300E3EA78 /* Baekjoon */,
				DFED455F1C2D69AB00E3EA78 /* Codejam2015 */,
				DFED45A11C2D6F9400E3EA78 /* Dovelet */,
				DFED46871C2D721300E3EA78 /* SCPC */,
			);
			name = Products;
			sourceTree = "<group>";
		};
		DFED450B1C2D5A1300E3EA78 /* AlgorithmTraining */ = {
			isa = PBXGroup;
			children = (
				DFB58F8D1C3F8D2F005AE498 /* bfs_test.cpp */,
				DFE3203A1C3FC6B100838A2A /* Lucas_theorem_test.cpp */,
				3E6878D81CA933D200148EBD /* cube.cpp */,
				3EE77B3D1CB8C9EF00B47AC2 /* 윤목.cpp */,
				3EAE926E1CB9193D00DD16B7 /* 감시로봇.cpp */,
			);
			path = AlgorithmTraining;
			sourceTree = "<group>";
		};
		DFED45191C2D5A6300E3EA78 /* Baekjoon */ = {
			isa = PBXGroup;
			children = (
				DF291DA81C392FD000B8B2B8 /* Asia Regional Daejeon 2015 */,
				DFED45251C2D5D4100E3EA78 /* 2492(보석 구매하기).cpp */,
				DFF3A1F91C71C79300202C3C /* 2500(복불복).cpp */,
				DFED45261C2D5D4100E3EA78 /* 2591(숫자카드).cpp */,
				DFED45381C2D5EE600E3EA78 /* 4256(트리).c */,
				3E99EC251CDB80A3007B73C0 /* 1613(역사).cpp */,
				DFED45391C2D5EE600E3EA78 /* 6064(잉카달력).c */,
				DFED453A1C2D5EE600E3EA78 /* 7489(factorials).c */,
				DFED45221C2D5B7B00E3EA78 /* 7579(앱).cpp */,
				DFED453B1C2D5EE600E3EA78 /* 7662(이중우선순위큐).c */,
				DFED453C1C2D5EE600E3EA78 /* 8895(막대배치).c */,
				DFED45271C2D5D4100E3EA78 /* 9457(기하학문양).cpp */,
				DFED453D1C2D5EE600E3EA78 /* 9465.c */,
				DFED453E1C2D5EE600E3EA78 /* 9942(하노이 4탑).c */,
				DFED453F1C2D5EE600E3EA78 /* 9943(Light Switches).c */,
				DFED45211C2D5B7B00E3EA78 /* 10165(버스노선).cpp */,
				DFF3B2421C722F5E00202C3C /* 2098(외판원 순회).cpp */,
				DF1CE0211C848D4000E00F1A /* 2250(트리의 높이와 너비).cpp */,
				DF793B1B1C984F2B00794CB0 /* 1514(자물쇠).cpp */,
				3EC2477D1CA58D3C00F88B66 /* 1582(아티스트).cpp */,
				3EB94BD61CA6AF4C005C1812 /* 2110(공유기 설치).cpp */,
				3E12A8011CA7AA61004F9547 /* 2212(센서).cpp */,
				3E02CB651CAB9DB2006CAB20 /* 2092(집합의 개수).cpp */,
				3EA663631CACF85A00FC964B /* 2826(함수의 리턴값).cpp */,
				3ECFF5831CAEEA8C00D214E2 /* 2066(카드놀이).cpp */,
				3ED043F41CD5D91300E1C80C /* 1102(발전소).cpp */,
				3E6546E01CD7C23A00238D93 /* 10158(개미).cpp */,
				3E99EC271CDBCDE9007B73C0 /* 11375(열혈강호).cpp */,
				3EBAD98E1CEEA616007A3AA6 /* 2146(다리만들기).cpp */,
				3EC4AAE91CF988380056DDB4 /* 1654(랜선 자르기).cpp */,
				3EC0BB831CFECCDC005CC3CD /* 1261(알고스팟).cpp */,
				3E6643BB1D740AAE00E06D68 /* 1939(중량제한).cpp */,
				3E6643BF1D7454A500E06D68 /* 1328(고층빌딩).cpp */,
			);
			path = Baekjoon;
			sourceTree = "<group>";
		};
		DFED45601C2D69AB00E3EA78 /* Codejam2015 */ = {
			isa = PBXGroup;
			children = (
				DFED45661C2D69B600E3EA78 /* Round1A */,
				DFED45671C2D69BE00E3EA78 /* Round1B */,
				DFED45681C2D69CB00E3EA78 /* Round1C */,
				DFED45691C2D69DC00E3EA78 /* Round2 */,
				DFED456A1C2D69E200E3EA78 /* Round3 */,
			);
			path = Codejam2015;
			sourceTree = "<group>";
		};
		DFED45661C2D69B600E3EA78 /* Round1A */ = {
			isa = PBXGroup;
			children = (
				DFED456B1C2D6A2900E3EA78 /* 1A_A.cpp */,
				DFED456C1C2D6A2900E3EA78 /* 1A_B.cpp */,
				DFED456D1C2D6A2900E3EA78 /* 1A_C.cpp */,
			);
			name = Round1A;
			sourceTree = "<group>";
		};
		DFED45671C2D69BE00E3EA78 /* Round1B */ = {
			isa = PBXGroup;
			children = (
				DFED45711C2D6AA300E3EA78 /* 1B_A.cpp */,
				DFED45721C2D6AA300E3EA78 /* 1B_B.cpp */,
				DFED45731C2D6AA300E3EA78 /* 1B_C.cpp */,
			);
			name = Round1B;
			sourceTree = "<group>";
		};
		DFED45681C2D69CB00E3EA78 /* Round1C */ = {
			isa = PBXGroup;
			children = (
				DFED45771C2D6AC500E3EA78 /* 1C_A.cpp */,
				DFED45781C2D6AC500E3EA78 /* 1C_B.cpp */,
				DFED45791C2D6AC500E3EA78 /* 1C_C.cpp */,
			);
			name = Round1C;
			sourceTree = "<group>";
		};
		DFED45691C2D69DC00E3EA78 /* Round2 */ = {
			isa = PBXGroup;
			children = (
				DFED457D1C2D6AEC00E3EA78 /* 2_A.cpp */,
				DFED457E1C2D6AEC00E3EA78 /* 2_B.cpp */,
				DFED45821C2D6AEC00E3EA78 /* 2_C.cpp */,
				DFED45841C2D6AEC00E3EA78 /* 2_D.cpp */,
			);
			name = Round2;
			sourceTree = "<group>";
		};
		DFED456A1C2D69E200E3EA78 /* Round3 */ = {
			isa = PBXGroup;
			children = (
				DFED458D1C2D6B5D00E3EA78 /* 3_A.cpp */,
				DFED458E1C2D6B5D00E3EA78 /* 3_B.cpp */,
				DFED458F1C2D6B5D00E3EA78 /* 3_C.cpp */,
				DFED45901C2D6B5D00E3EA78 /* 3_C(2).cpp */,
				DFED45911C2D6B5D00E3EA78 /* 3_D.cpp */,
				DFED45931C2D6B5D00E3EA78 /* 3_E.cpp */,
			);
			name = Round3;
			sourceTree = "<group>";
		};
		DFED45A21C2D6F9400E3EA78 /* Dovelet */ = {
			isa = PBXGroup;
			children = (
				DFED45D61C2D719A00E3EA78 /* amicable.c */,
				DFED45D71C2D719A00E3EA78 /* apple_catching.c */,
				DFED45D81C2D719A00E3EA78 /* apple.c */,
				DFED45D91C2D719A00E3EA78 /* athletic.c */,
				DFED45DA1C2D719A00E3EA78 /* b_lineup.c */,
				DFED45DB1C2D719A00E3EA78 /* baby_gin.c */,
				DFED45DC1C2D719A00E3EA78 /* bank1.c */,
				DFED45DD1C2D719A00E3EA78 /* barn.c */,
				DFED45DE1C2D719A00E3EA78 /* beat.c */,
				DFED45DF1C2D719A00E3EA78 /* border.c */,
				DFED45E01C2D719A00E3EA78 /* bridge.c */,
				DFED45E11C2D719A00E3EA78 /* buy_lower.c */,
				DFED45E21C2D719A00E3EA78 /* buy_lower(vol2).c */,
				DFED45E31C2D719B00E3EA78 /* card_trick.c */,
				DFED45E41C2D719B00E3EA78 /* ccc_palin.c */,
				DFED45E51C2D719B00E3EA78 /* charm.c */,
				DFED45E61C2D719B00E3EA78 /* chessboard.c */,
				DFED45E71C2D719B00E3EA78 /* coin.c */,
				DFED45E81C2D719B00E3EA78 /* crypt.c */,
				DFED45E91C2D719B00E3EA78 /* ctu_stock.c */,
				DFED45EA1C2D719B00E3EA78 /* danji.c */,
				DFED45EB1C2D719B00E3EA78 /* dfs.c */,
				DFED45EC1C2D719B00E3EA78 /* differential.c */,
				DFED45ED1C2D719B00E3EA78 /* dijkstra.c */,
				DFED45EE1C2D719B00E3EA78 /* dna.cpp */,
				DFED45EF1C2D719B00E3EA78 /* dual_palindrome.c */,
				DFED45F01C2D719B00E3EA78 /* eating_together.c */,
				DFED45F11C2D719B00E3EA78 /* eboxex.c */,
				DFED45F21C2D719B00E3EA78 /* euler.c */,
				DFED45F31C2D719B00E3EA78 /* flea.c */,
				DFED45F41C2D719B00E3EA78 /* fraction.c */,
				DFED45F51C2D719B00E3EA78 /* gc.c */,
				DFED45F61C2D719B00E3EA78 /* hanoi1.c */,
				DFED45F71C2D719B00E3EA78 /* Ics.c */,
				DFED45F81C2D719B00E3EA78 /* jail.c */,
				DFED45F91C2D719B00E3EA78 /* jinjin.c */,
				DFED45FA1C2D719B00E3EA78 /* jolly.c */,
				DFED45FB1C2D719B00E3EA78 /* jumping_cow.c */,
				DFED45FC1C2D719B00E3EA78 /* koi_bro.c */,
				DFED469A1C2D752D00E3EA78 /* koi_delivery.cpp */,
				DFED469B1C2D752D00E3EA78 /* koi_gene.cpp */,
				DFED469C1C2D752D00E3EA78 /* koi_hunter.cpp */,
				DFED469D1C2D752D00E3EA78 /* koi_ladd.cpp */,
				DFED469E1C2D752D00E3EA78 /* koi_ladd(spacial_judge).cpp */,
				DFED469F1C2D752D00E3EA78 /* koi_luck.cpp */,
				DFED46A01C2D752D00E3EA78 /* koi_luck(vol2).cpp */,
				DFED46A11C2D752D00E3EA78 /* koi_luck(vol3).cpp */,
				DFED45FD1C2D719B00E3EA78 /* labyrinth.c */,
				DFED45FE1C2D719B00E3EA78 /* labyrinth(vol2).c */,
				DFED45FF1C2D719B00E3EA78 /* labyrinth(vol3).c */,
				DFED46001C2D719B00E3EA78 /* labyrinth(vol4).c */,
				DFED46011C2D719B00E3EA78 /* linear.c */,
				DFED46021C2D719B00E3EA78 /* logs_stacking.c */,
				DFED46031C2D719B00E3EA78 /* lotto.c */,
				DFED46041C2D719B00E3EA78 /* lunacy.c */,
				DFED46051C2D719B00E3EA78 /* mchain.c */,
				DFED46061C2D719B00E3EA78 /* meat.c */,
				DFED46071C2D719B00E3EA78 /* minterval.c */,
				DFED46081C2D719B00E3EA78 /* moving.c */,
				DFED46091C2D719B00E3EA78 /* oil.c */,
				DFED460A1C2D719B00E3EA78 /* pie.c */,
				DFED460B1C2D719B00E3EA78 /* prefix.c */,
				DFED460C1C2D719B00E3EA78 /* prime_palin.c */,
				DFED460D1C2D719B00E3EA78 /* prime_path.c */,
				DFED460E1C2D719B00E3EA78 /* prime_path(vol2).c */,
				DFED460F1C2D719B00E3EA78 /* quick_change.c */,
				DFED46101C2D719B00E3EA78 /* quicksort.c */,
				DFED46111C2D719B00E3EA78 /* radix.c */,
				DFED46121C2D719B00E3EA78 /* rcq.c */,
				DFED46131C2D719B00E3EA78 /* rsq.c */,
				DFED46141C2D719B00E3EA78 /* safty.c */,
				DFED46151C2D719B00E3EA78 /* scrament.c */,
				DFED46161C2D719B00E3EA78 /* shake.c */,
				DFED46171C2D719B00E3EA78 /* snail_trails.c */,
				DFED46181C2D719B00E3EA78 /* soccer_judgement.c */,
				DFED46191C2D719B00E3EA78 /* spheap(dijkstra 2).c */,
				DFED461A1C2D719B00E3EA78 /* starship_maze.c */,
				DFED461B1C2D719B00E3EA78 /* string(kos4u_string).c */,
				DFED461C1C2D719B00E3EA78 /* subset.c */,
				DFED461D1C2D719B00E3EA78 /* sugar.c */,
				DFED461E1C2D719B00E3EA78 /* sumsets.c */,
				DFED461F1C2D719B00E3EA78 /* tencard.c */,
				DFED46201C2D719B00E3EA78 /* tencard(vol2).c */,
				DFED46221C2D719B00E3EA78 /* the_king.c */,
				DFED46231C2D719B00E3EA78 /* tiger.c */,
				DFED46241C2D719B00E3EA78 /* tourist_solution.cpp */,
				DFED46251C2D719B00E3EA78 /* tourist.c */,
				DFED46261C2D719B00E3EA78 /* tourist(vol2).cpp */,
				DFED46271C2D719B00E3EA78 /* tourist(vol3).cpp */,
				DFED46281C2D719B00E3EA78 /* ustair.c */,
				DFED46291C2D719B00E3EA78 /* virus1.c */,
				DFED462A1C2D719B00E3EA78 /* white.c */,
				DFED462B1C2D719B00E3EA78 /* worm.c */,
			);
			path = Dovelet;
			sourceTree = "<group>";
		};
		DFED46881C2D721300E3EA78 /* SCPC */ = {
			isa = PBXGroup;
			children = (
				3EEE67A01D23536C009ACCEF /* 2016 */,
				DFED468E1C2D729800E3EA78 /* Practice */,
				DFED46A21C2D760D00E3EA78 /* Round1 */,
				DFED46A31C2D762000E3EA78 /* Round2 */,
			);
			path = SCPC;
			sourceTree = "<group>";
		};
		DFED468E1C2D729800E3EA78 /* Practice */ = {
			isa = PBXGroup;
			children = (
				DFED468F1C2D72E900E3EA78 /* P_1.cpp */,
				DFED46901C2D72E900E3EA78 /* P_2.cpp */,
				DFED46911C2D72E900E3EA78 /* P_3.cpp */,
				DFED46921C2D72E900E3EA78 /* P_4.cpp */,
				DFED46931C2D72E900E3EA78 /* P_5.cpp */,
				DFED46941C2D72E900E3EA78 /* P_6.cpp */,
				DFED46951C2D72E900E3EA78 /* P_7.cpp */,
				DFED46961C2D72E900E3EA78 /* P_7(vol2).cpp */,
				DFED46971C2D72E900E3EA78 /* P_8.cpp */,
				DFED46981C2D72E900E3EA78 /* P_9.cpp */,
				DFED46991C2D72E900E3EA78 /* P_10.cpp */,
			);
			name = Practice;
			sourceTree = "<group>";
		};
		DFED46A21C2D760D00E3EA78 /* Round1 */ = {
			isa = PBXGroup;
			children = (
				DFED46A41C2D764500E3EA78 /* R1_1.cpp */,
				DFED46A51C2D764500E3EA78 /* R1_2.cpp */,
				DFED46A61C2D764500E3EA78 /* R1_3.cpp */,
				DFED46A71C2D764500E3EA78 /* R1_4.cpp */,
				DFED46A81C2D764500E3EA78 /* R1_5.cpp */,
			);
			name = Round1;
			sourceTree = "<group>";
		};
		DFED46A31C2D762000E3EA78 /* Round2 */ = {
			isa = PBXGroup;
			children = (
				DFED46A91C2D767E00E3EA78 /* R2_1.cpp */,
				DFED46AA1C2D767E00E3EA78 /* R2_2.cpp */,
				DFED46AB1C2D767E00E3EA78 /* R2_3.cpp */,
				DFED46AC1C2D767E00E3EA78 /* R2_4.cpp */,
				DFED46AD1C2D767E00E3EA78 /* R2_4(vol2).cpp */,
				DFED46AE1C2D767E00E3EA78 /* R2_5.cpp */,
				DFED46AF1C2D767E00E3EA78 /* R2_5(vol2).cpp */,
			);
			name = Round2;
			sourceTree = "<group>";
		};
/* End PBXGroup section */

/* Begin PBXNativeTarget section */
		DFED45081C2D5A1300E3EA78 /* AlgorithmTraining */ = {
			isa = PBXNativeTarget;
			buildConfigurationList = DFED45101C2D5A1300E3EA78 /* Build configuration list for PBXNativeTarget "AlgorithmTraining" */;
			buildPhases = (
				DFED45051C2D5A1300E3EA78 /* Sources */,
				DFED45061C2D5A1300E3EA78 /* Frameworks */,
				DFED45071C2D5A1300E3EA78 /* CopyFiles */,
			);
			buildRules = (
			);
			dependencies = (
			);
			name = AlgorithmTraining;
			productName = AlgorithmTraining;
			productReference = DFED45091C2D5A1300E3EA78 /* AlgorithmTraining */;
			productType = "com.apple.product-type.tool";
		};
		DFED45171C2D5A6300E3EA78 /* Baekjoon */ = {
			isa = PBXNativeTarget;
			buildConfigurationList = DFED451C1C2D5A6300E3EA78 /* Build configuration list for PBXNativeTarget "Baekjoon" */;
			buildPhases = (
				DFED45141C2D5A6300E3EA78 /* Sources */,
				DFED45151C2D5A6300E3EA78 /* Frameworks */,
				DFED45161C2D5A6300E3EA78 /* CopyFiles */,
			);
			buildRules = (
			);
			dependencies = (
			);
			name = Baekjoon;
			productName = Baekjoon;
			productReference = DFED45181C2D5A6300E3EA78 /* Baekjoon */;
			productType = "com.apple.product-type.tool";
		};
		DFED455E1C2D69AB00E3EA78 /* Codejam2015 */ = {
			isa = PBXNativeTarget;
			buildConfigurationList = DFED45631C2D69AB00E3EA78 /* Build configuration list for PBXNativeTarget "Codejam2015" */;
			buildPhases = (
				DFED455B1C2D69AB00E3EA78 /* Sources */,
				DFED455C1C2D69AB00E3EA78 /* Frameworks */,
				DFED455D1C2D69AB00E3EA78 /* CopyFiles */,
			);
			buildRules = (
			);
			dependencies = (
			);
			name = Codejam2015;
			productName = Codejam2015;
			productReference = DFED455F1C2D69AB00E3EA78 /* Codejam2015 */;
			productType = "com.apple.product-type.tool";
		};
		DFED45A01C2D6F9400E3EA78 /* Dovelet */ = {
			isa = PBXNativeTarget;
			buildConfigurationList = DFED45A51C2D6F9400E3EA78 /* Build configuration list for PBXNativeTarget "Dovelet" */;
			buildPhases = (
				DFED459D1C2D6F9400E3EA78 /* Sources */,
				DFED459E1C2D6F9400E3EA78 /* Frameworks */,
				DFED459F1C2D6F9400E3EA78 /* CopyFiles */,
			);
			buildRules = (
			);
			dependencies = (
			);
			name = Dovelet;
			productName = Dovelet;
			productReference = DFED45A11C2D6F9400E3EA78 /* Dovelet */;
			productType = "com.apple.product-type.tool";
		};
		DFED46861C2D721300E3EA78 /* SCPC */ = {
			isa = PBXNativeTarget;
			buildConfigurationList = DFED468B1C2D721300E3EA78 /* Build configuration list for PBXNativeTarget "SCPC" */;
			buildPhases = (
				DFED46831C2D721300E3EA78 /* Sources */,
				DFED46841C2D721300E3EA78 /* Frameworks */,
				DFED46851C2D721300E3EA78 /* CopyFiles */,
			);
			buildRules = (
			);
			dependencies = (
			);
			name = SCPC;
			productName = SCPC;
			productReference = DFED46871C2D721300E3EA78 /* SCPC */;
			productType = "com.apple.product-type.tool";
		};
/* End PBXNativeTarget section */

/* Begin PBXProject section */
		DFED45011C2D5A1300E3EA78 /* Project object */ = {
			isa = PBXProject;
			attributes = {
				LastUpgradeCheck = 0720;
				ORGANIZATIONNAME = JangTaehwan;
				TargetAttributes = {
					DFED45081C2D5A1300E3EA78 = {
						CreatedOnToolsVersion = 7.2;
					};
					DFED45171C2D5A6300E3EA78 = {
						CreatedOnToolsVersion = 7.2;
					};
					DFED455E1C2D69AB00E3EA78 = {
						CreatedOnToolsVersion = 7.2;
					};
					DFED45A01C2D6F9400E3EA78 = {
						CreatedOnToolsVersion = 7.2;
					};
					DFED46861C2D721300E3EA78 = {
						CreatedOnToolsVersion = 7.2;
					};
				};
			};
			buildConfigurationList = DFED45041C2D5A1300E3EA78 /* Build configuration list for PBXProject "AlgorithmTraining" */;
			compatibilityVersion = "Xcode 3.2";
			developmentRegion = English;
			hasScannedForEncodings = 0;
			knownRegions = (
				en,
			);
			mainGroup = DFED45001C2D5A1300E3EA78;
			productRefGroup = DFED450A1C2D5A1300E3EA78 /* Products */;
			projectDirPath = "";
			projectRoot = "";
			targets = (
				DFED45081C2D5A1300E3EA78 /* AlgorithmTraining */,
				DFED45171C2D5A6300E3EA78 /* Baekjoon */,
				DFED455E1C2D69AB00E3EA78 /* Codejam2015 */,
				DFED45A01C2D6F9400E3EA78 /* Dovelet */,
				DFED46861C2D721300E3EA78 /* SCPC */,
			);
		};
/* End PBXProject section */

/* Begin PBXSourcesBuildPhase section */
		DFED45051C2D5A1300E3EA78 /* Sources */ = {
			isa = PBXSourcesBuildPhase;
			buildActionMask = 2147483647;
			files = (
			);
			runOnlyForDeploymentPostprocessing = 0;
		};
		DFED45141C2D5A6300E3EA78 /* Sources */ = {
			isa = PBXSourcesBuildPhase;
			buildActionMask = 2147483647;
			files = (
				3E6643C01D7454A500E06D68 /* 1328(고층빌딩).cpp in Sources */,
			);
			runOnlyForDeploymentPostprocessing = 0;
		};
		DFED455B1C2D69AB00E3EA78 /* Sources */ = {
			isa = PBXSourcesBuildPhase;
			buildActionMask = 2147483647;
			files = (
			);
			runOnlyForDeploymentPostprocessing = 0;
		};
		DFED459D1C2D6F9400E3EA78 /* Sources */ = {
			isa = PBXSourcesBuildPhase;
			buildActionMask = 2147483647;
			files = (
			);
			runOnlyForDeploymentPostprocessing = 0;
		};
		DFED46831C2D721300E3EA78 /* Sources */ = {
			isa = PBXSourcesBuildPhase;
			buildActionMask = 2147483647;
			files = (
				3EC9C3251D2C6A3C00E6388D /* 5.cpp in Sources */,
			);
			runOnlyForDeploymentPostprocessing = 0;
		};
/* End PBXSourcesBuildPhase section */

/* Begin XCBuildConfiguration section */
		DFED450E1C2D5A1300E3EA78 /* Debug */ = {
			isa = XCBuildConfiguration;
			buildSettings = {
				ALWAYS_SEARCH_USER_PATHS = NO;
				CLANG_CXX_LANGUAGE_STANDARD = "gnu++0x";
				CLANG_CXX_LIBRARY = "libc++";
				CLANG_ENABLE_MODULES = YES;
				CLANG_ENABLE_OBJC_ARC = YES;
				CLANG_WARN_BOOL_CONVERSION = YES;
				CLANG_WARN_CONSTANT_CONVERSION = YES;
				CLANG_WARN_DIRECT_OBJC_ISA_USAGE = YES_ERROR;
				CLANG_WARN_EMPTY_BODY = YES;
				CLANG_WARN_ENUM_CONVERSION = YES;
				CLANG_WARN_INT_CONVERSION = YES;
				CLANG_WARN_OBJC_ROOT_CLASS = YES_ERROR;
				CLANG_WARN_UNREACHABLE_CODE = YES;
				CLANG_WARN__DUPLICATE_METHOD_MATCH = YES;
				CODE_SIGN_IDENTITY = "-";
				COPY_PHASE_STRIP = NO;
				DEBUG_INFORMATION_FORMAT = dwarf;
				ENABLE_STRICT_OBJC_MSGSEND = YES;
				ENABLE_TESTABILITY = YES;
				GCC_C_LANGUAGE_STANDARD = gnu99;
				GCC_DYNAMIC_NO_PIC = NO;
				GCC_NO_COMMON_BLOCKS = YES;
				GCC_OPTIMIZATION_LEVEL = 0;
				GCC_PREPROCESSOR_DEFINITIONS = (
					"DEBUG=1",
					"$(inherited)",
				);
				GCC_WARN_64_TO_32_BIT_CONVERSION = YES;
				GCC_WARN_ABOUT_RETURN_TYPE = YES_ERROR;
				GCC_WARN_UNDECLARED_SELECTOR = YES;
				GCC_WARN_UNINITIALIZED_AUTOS = YES_AGGRESSIVE;
				GCC_WARN_UNUSED_FUNCTION = YES;
				GCC_WARN_UNUSED_VARIABLE = YES;
				MACOSX_DEPLOYMENT_TARGET = 10.11;
				MTL_ENABLE_DEBUG_INFO = YES;
				ONLY_ACTIVE_ARCH = YES;
				SDKROOT = macosx;
			};
			name = Debug;
		};
		DFED450F1C2D5A1300E3EA78 /* Release */ = {
			isa = XCBuildConfiguration;
			buildSettings = {
				ALWAYS_SEARCH_USER_PATHS = NO;
				CLANG_CXX_LANGUAGE_STANDARD = "gnu++0x";
				CLANG_CXX_LIBRARY = "libc++";
				CLANG_ENABLE_MODULES = YES;
				CLANG_ENABLE_OBJC_ARC = YES;
				CLANG_WARN_BOOL_CONVERSION = YES;
				CLANG_WARN_CONSTANT_CONVERSION = YES;
				CLANG_WARN_DIRECT_OBJC_ISA_USAGE = YES_ERROR;
				CLANG_WARN_EMPTY_BODY = YES;
				CLANG_WARN_ENUM_CONVERSION = YES;
				CLANG_WARN_INT_CONVERSION = YES;
				CLANG_WARN_OBJC_ROOT_CLASS = YES_ERROR;
				CLANG_WARN_UNREACHABLE_CODE = YES;
				CLANG_WARN__DUPLICATE_METHOD_MATCH = YES;
				CODE_SIGN_IDENTITY = "-";
				COPY_PHASE_STRIP = NO;
				DEBUG_INFORMATION_FORMAT = "dwarf-with-dsym";
				ENABLE_NS_ASSERTIONS = NO;
				ENABLE_STRICT_OBJC_MSGSEND = YES;
				GCC_C_LANGUAGE_STANDARD = gnu99;
				GCC_NO_COMMON_BLOCKS = YES;
				GCC_WARN_64_TO_32_BIT_CONVERSION = YES;
				GCC_WARN_ABOUT_RETURN_TYPE = YES_ERROR;
				GCC_WARN_UNDECLARED_SELECTOR = YES;
				GCC_WARN_UNINITIALIZED_AUTOS = YES_AGGRESSIVE;
				GCC_WARN_UNUSED_FUNCTION = YES;
				GCC_WARN_UNUSED_VARIABLE = YES;
				MACOSX_DEPLOYMENT_TARGET = 10.11;
				MTL_ENABLE_DEBUG_INFO = NO;
				SDKROOT = macosx;
			};
			name = Release;
		};
		DFED45111C2D5A1300E3EA78 /* Debug */ = {
			isa = XCBuildConfiguration;
			buildSettings = {
				OTHER_LDFLAGS = "-lcurl";
				PRODUCT_NAME = "$(TARGET_NAME)";
			};
			name = Debug;
		};
		DFED45121C2D5A1300E3EA78 /* Release */ = {
			isa = XCBuildConfiguration;
			buildSettings = {
				OTHER_LDFLAGS = "-lcurl";
				PRODUCT_NAME = "$(TARGET_NAME)";
			};
			name = Release;
		};
		DFED451D1C2D5A6300E3EA78 /* Debug */ = {
			isa = XCBuildConfiguration;
			buildSettings = {
				PRODUCT_NAME = "$(TARGET_NAME)";
			};
			name = Debug;
		};
		DFED451E1C2D5A6300E3EA78 /* Release */ = {
			isa = XCBuildConfiguration;
			buildSettings = {
				PRODUCT_NAME = "$(TARGET_NAME)";
			};
			name = Release;
		};
		DFED45641C2D69AB00E3EA78 /* Debug */ = {
			isa = XCBuildConfiguration;
			buildSettings = {
				PRODUCT_NAME = "$(TARGET_NAME)";
			};
			name = Debug;
		};
		DFED45651C2D69AB00E3EA78 /* Release */ = {
			isa = XCBuildConfiguration;
			buildSettings = {
				PRODUCT_NAME = "$(TARGET_NAME)";
			};
			name = Release;
		};
		DFED45A61C2D6F9400E3EA78 /* Debug */ = {
			isa = XCBuildConfiguration;
			buildSettings = {
				PRODUCT_NAME = "$(TARGET_NAME)";
			};
			name = Debug;
		};
		DFED45A71C2D6F9400E3EA78 /* Release */ = {
			isa = XCBuildConfiguration;
			buildSettings = {
				PRODUCT_NAME = "$(TARGET_NAME)";
			};
			name = Release;
		};
		DFED468C1C2D721300E3EA78 /* Debug */ = {
			isa = XCBuildConfiguration;
			buildSettings = {
				PRODUCT_NAME = "$(TARGET_NAME)";
			};
			name = Debug;
		};
		DFED468D1C2D721300E3EA78 /* Release */ = {
			isa = XCBuildConfiguration;
			buildSettings = {
				PRODUCT_NAME = "$(TARGET_NAME)";
			};
			name = Release;
		};
/* End XCBuildConfiguration section */

/* Begin XCConfigurationList section */
		DFED45041C2D5A1300E3EA78 /* Build configuration list for PBXProject "AlgorithmTraining" */ = {
			isa = XCConfigurationList;
			buildConfigurations = (
				DFED450E1C2D5A1300E3EA78 /* Debug */,
				DFED450F1C2D5A1300E3EA78 /* Release */,
			);
			defaultConfigurationIsVisible = 0;
			defaultConfigurationName = Release;
		};
		DFED45101C2D5A1300E3EA78 /* Build configuration list for PBXNativeTarget "AlgorithmTraining" */ = {
			isa = XCConfigurationList;
			buildConfigurations = (
				DFED45111C2D5A1300E3EA78 /* Debug */,
				DFED45121C2D5A1300E3EA78 /* Release */,
			);
			defaultConfigurationIsVisible = 0;
			defaultConfigurationName = Release;
		};
		DFED451C1C2D5A6300E3EA78 /* Build configuration list for PBXNativeTarget "Baekjoon" */ = {
			isa = XCConfigurationList;
			buildConfigurations = (
				DFED451D1C2D5A6300E3EA78 /* Debug */,
				DFED451E1C2D5A6300E3EA78 /* Release */,
			);
			defaultConfigurationIsVisible = 0;
			defaultConfigurationName = Release;
		};
		DFED45631C2D69AB00E3EA78 /* Build configuration list for PBXNativeTarget "Codejam2015" */ = {
			isa = XCConfigurationList;
			buildConfigurations = (
				DFED45641C2D69AB00E3EA78 /* Debug */,
				DFED45651C2D69AB00E3EA78 /* Release */,
			);
			defaultConfigurationIsVisible = 0;
			defaultConfigurationName = Release;
		};
		DFED45A51C2D6F9400E3EA78 /* Build configuration list for PBXNativeTarget "Dovelet" */ = {
			isa = XCConfigurationList;
			buildConfigurations = (
				DFED45A61C2D6F9400E3EA78 /* Debug */,
				DFED45A71C2D6F9400E3EA78 /* Release */,
			);
			defaultConfigurationIsVisible = 0;
			defaultConfigurationName = Release;
		};
		DFED468B1C2D721300E3EA78 /* Build configuration list for PBXNativeTarget "SCPC" */ = {
			isa = XCConfigurationList;
			buildConfigurations = (
				DFED468C1C2D721300E3EA78 /* Debug */,
				DFED468D1C2D721300E3EA78 /* Release */,
			);
			defaultConfigurationIsVisible = 0;
			defaultConfigurationName = Release;
		};
/* End XCConfigurationList section */
	};
	rootObject = DFED45011C2D5A1300E3EA78 /* Project object */;
}
